
Microsoft Visual Studio Solution File, Format Version 12.00
# Visual Studio Version 17
VisualStudioVersion = 17.2.32516.85
MinimumVisualStudioVersion = 10.0.40219.1
Project("{FAE04EC0-301F-11D3-BF4B-00C04F79EFBC}") = "NetworkingWrapper", "NetworkingWrapper\NetworkingWrapper.csproj", "{43FC3F84-D372-4F63-BEEA-61C9EEBCAFD4}"
EndProject
Global
	GlobalSection(SolutionConfigurationPlatforms) = preSolution
		Debug|Any CPU = Debug|Any CPU
		Release|Any CPU = Release|Any CPU
	EndGlobalSection
	GlobalSection(ProjectConfigurationPlatforms) = postSolution
		{43FC3F84-D372-4F63-BEEA-61C9EEBCAFD4}.Debug|Any CPU.ActiveCfg = Debug|Any CPU
		{43FC3F84-D372-4F63-BEEA-61C9EEBCAFD4}.Debug|Any CPU.Build.0 = Debug|Any CPU
		{43FC3F84-D372-4F63-BEEA-61C9EEBCAFD4}.Release|Any CPU.ActiveCfg = Release|Any CPU
		{43FC3F84-D372-4F63-BEEA-61C9EEBCAFD4}.Release|Any CPU.Build.0 = Release|Any CPU
	EndGlobalSection
	GlobalSection(SolutionProperties) = preSolution
		HideSolutionNode = FALSE
	EndGlobalSection
	GlobalSection(ExtensibilityGlobals) = postSolution
		SolutionGuid = {D39FFF16-10D7-4CE5-8D9C-C1BD15C23DF2}
	EndGlobalSection
EndGlobal
